// !$*UTF8*$!
{
	archiveVersion = 1;
	classes = {
	};
	objectVersion = 77;
	objects = {

/* Begin PBXBuildFile section */
		1E2A47922E1EB632000F6FDD /* FirebaseAI in Frameworks */ = {isa = PBXBuildFile; productRef = 1E2A47912E1EB632000F6FDD /* FirebaseAI */; };
		1E2A47942E1EB632000F6FDD /* FirebaseAppCheck in Frameworks */ = {isa = PBXBuildFile; productRef = 1E2A47932E1EB632000F6FDD /* FirebaseAppCheck */; };
		1E2A47962E1EB632000F6FDD /* FirebaseAuth in Frameworks */ = {isa = PBXBuildFile; productRef = 1E2A47952E1EB632000F6FDD /* FirebaseAuth */; };
		1E2A47982E1EB632000F6FDD /* FirebaseFirestore in Frameworks */ = {isa = PBXBuildFile; productRef = 1E2A47972E1EB632000F6FDD /* FirebaseFirestore */; };
		1E2A479A2E1EB632000F6FDD /* FirebaseMLModelDownloader in Frameworks */ = {isa = PBXBuildFile; productRef = 1E2A47992E1EB632000F6FDD /* FirebaseMLModelDownloader */; };
		1E2A479C2E1EB632000F6FDD /* FirebaseMessaging in Frameworks */ = {isa = PBXBuildFile; productRef = 1E2A479B2E1EB632000F6FDD /* FirebaseMessaging */; };
		1E2A479E2E1EB632000F6FDD /* FirebaseVertexAI in Frameworks */ = {isa = PBXBuildFile; productRef = 1E2A479D2E1EB632000F6FDD /* FirebaseVertexAI */; };
/* End PBXBuildFile section */

/* Begin PBXContainerItemProxy section */
		1E0754142D73C62E001DB97F /* PBXContainerItemProxy */ = {
			isa = PBXContainerItemProxy;
			containerPortal = 1E0753FB2D73C62C001DB97F /* Project object */;
			proxyType = 1;
			remoteGlobalIDString = 1E0754022D73C62C001DB97F;
			remoteInfo = Tarot2;
		};
		1E07541E2D73C62E001DB97F /* PBXContainerItemProxy */ = {
			isa = PBXContainerItemProxy;
			containerPortal = 1E0753FB2D73C62C001DB97F /* Project object */;
			proxyType = 1;
			remoteGlobalIDString = 1E0754022D73C62C001DB97F;
			remoteInfo = Tarot2;
		};
/* End PBXContainerItemProxy section */

/* Begin PBXFileReference section */
		1E0754032D73C62C001DB97F /* Tarot2.app */ = {isa = PBXFileReference; explicitFileType = wrapper.application; includeInIndex = 0; path = Tarot2.app; sourceTree = BUILT_PRODUCTS_DIR; };
		1E0754132D73C62E001DB97F /* Tarot2Tests.xctest */ = {isa = PBXFileReference; explicitFileType = wrapper.cfbundle; includeInIndex = 0; path = Tarot2Tests.xctest; sourceTree = BUILT_PRODUCTS_DIR; };
		1E07541D2D73C62E001DB97F /* Tarot2UITests.xctest */ = {isa = PBXFileReference; explicitFileType = wrapper.cfbundle; includeInIndex = 0; path = Tarot2UITests.xctest; sourceTree = BUILT_PRODUCTS_DIR; };
/* End PBXFileReference section */

/* Begin PBXFileSystemSynchronizedBuildFileExceptionSet section */
		1E2A478E2E1EB41E000F6FDD /* Exceptions for "Tarot2" folder in "Tarot2Tests" target */ = {
			isa = PBXFileSystemSynchronizedBuildFileExceptionSet;
			membershipExceptions = (
				"GoogleService-Info.plist",
			);
			target = 1E0754122D73C62E001DB97F /* Tarot2Tests */;
		};
		1E2A478F2E1EB41E000F6FDD /* Exceptions for "Tarot2" folder in "Tarot2UITests" target */ = {
			isa = PBXFileSystemSynchronizedBuildFileExceptionSet;
			membershipExceptions = (
				"GoogleService-Info.plist",
			);
			target = 1E07541C2D73C62E001DB97F /* Tarot2UITests */;
		};
/* End PBXFileSystemSynchronizedBuildFileExceptionSet section */

/* Begin PBXFileSystemSynchronizedRootGroup section */
		1E0754052D73C62C001DB97F /* Tarot2 */ = {
			isa = PBXFileSystemSynchronizedRootGroup;
			exceptions = (
				1E2A478E2E1EB41E000F6FDD /* Exceptions for "Tarot2" folder in "Tarot2Tests" target */,
				1E2A478F2E1EB41E000F6FDD /* Exceptions for "Tarot2" folder in "Tarot2UITests" target */,
			);
			path = Tarot2;
			sourceTree = "<group>";
		};
		1E0754162D73C62E001DB97F /* Tarot2Tests */ = {
			isa = PBXFileSystemSynchronizedRootGroup;
			path = Tarot2Tests;
			sourceTree = "<group>";
		};
		1E0754202D73C62E001DB97F /* Tarot2UITests */ = {
			isa = PBXFileSystemSynchronizedRootGroup;
			path = Tarot2UITests;
			sourceTree = "<group>";
		};
/* End PBXFileSystemSynchronizedRootGroup section */

/* Begin PBXFrameworksBuildPhase section */
		1E0754002D73C62C001DB97F /* Frameworks */ = {
			isa = PBXFrameworksBuildPhase;
			buildActionMask = 2147483647;
			files = (
				1E2A479C2E1EB632000F6FDD /* FirebaseMessaging in Frameworks */,
				1E2A47942E1EB632000F6FDD /* FirebaseAppCheck in Frameworks */,
				1E2A47982E1EB632000F6FDD /* FirebaseFirestore in Frameworks */,
				1E2A479A2E1EB632000F6FDD /* FirebaseMLModelDownloader in Frameworks */,
				1E2A479E2E1EB632000F6FDD /* FirebaseVertexAI in Frameworks */,
				1E2A47962E1EB632000F6FDD /* FirebaseAuth in Frameworks */,
				1E2A47922E1EB632000F6FDD /* FirebaseAI in Frameworks */,
			);
			runOnlyForDeploymentPostprocessing = 0;
		};
		1E0754102D73C62E001DB97F /* Frameworks */ = {
			isa = PBXFrameworksBuildPhase;
			buildActionMask = 2147483647;
			files = (
			);
			runOnlyForDeploymentPostprocessing = 0;
		};
		1E07541A2D73C62E001DB97F /* Frameworks */ = {
			isa = PBXFrameworksBuildPhase;
			buildActionMask = 2147483647;
			files = (
			);
			runOnlyForDeploymentPostprocessing = 0;
		};
/* End PBXFrameworksBuildPhase section */

/* Begin PBXGroup section */
		1E0753FA2D73C62C001DB97F = {
			isa = PBXGroup;
			children = (
				1E0754052D73C62C001DB97F /* Tarot2 */,
				1E0754162D73C62E001DB97F /* Tarot2Tests */,
				1E0754202D73C62E001DB97F /* Tarot2UITests */,
				1E0754042D73C62C001DB97F /* Products */,
			);
			sourceTree = "<group>";
		};
		1E0754042D73C62C001DB97F /* Products */ = {
			isa = PBXGroup;
			children = (
				1E0754032D73C62C001DB97F /* Tarot2.app */,
				1E0754132D73C62E001DB97F /* Tarot2Tests.xctest */,
				1E07541D2D73C62E001DB97F /* Tarot2UITests.xctest */,
			);
			name = Products;
			sourceTree = "<group>";
		};
/* End PBXGroup section */

/* Begin PBXNativeTarget section */
		1E0754022D73C62C001DB97F /* Tarot2 */ = {
			isa = PBXNativeTarget;
			buildConfigurationList = 1E0754272D73C62E001DB97F /* Build configuration list for PBXNativeTarget "Tarot2" */;
			buildPhases = (
				1E0753FF2D73C62C001DB97F /* Sources */,
				1E0754002D73C62C001DB97F /* Frameworks */,
				1E0754012D73C62C001DB97F /* Resources */,
			);
			buildRules = (
			);
			dependencies = (
			);
			fileSystemSynchronizedGroups = (
				1E0754052D73C62C001DB97F /* Tarot2 */,
			);
			name = Tarot2;
			packageProductDependencies = (
				1E2A47912E1EB632000F6FDD /* FirebaseAI */,
				1E2A47932E1EB632000F6FDD /* FirebaseAppCheck */,
				1E2A47952E1EB632000F6FDD /* FirebaseAuth */,
				1E2A47972E1EB632000F6FDD /* FirebaseFirestore */,
				1E2A47992E1EB632000F6FDD /* FirebaseMLModelDownloader */,
				1E2A479B2E1EB632000F6FDD /* FirebaseMessaging */,
				1E2A479D2E1EB632000F6FDD /* FirebaseVertexAI */,
			);
			productName = Tarot2;
			productReference = 1E0754032D73C62C001DB97F /* Tarot2.app */;
			productType = "com.apple.product-type.application";
		};
		1E0754122D73C62E001DB97F /* Tarot2Tests */ = {
			isa = PBXNativeTarget;
			buildConfigurationList = 1E07542A2D73C62E001DB97F /* Build configuration list for PBXNativeTarget "Tarot2Tests" */;
			buildPhases = (
				1E07540F2D73C62E001DB97F /* Sources */,
				1E0754102D73C62E001DB97F /* Frameworks */,
				1E0754112D73C62E001DB97F /* Resources */,
			);
			buildRules = (
			);
			dependencies = (
				1E0754152D73C62E001DB97F /* PBXTargetDependency */,
			);
			fileSystemSynchronizedGroups = (
				1E0754162D73C62E001DB97F /* Tarot2Tests */,
			);
			name = Tarot2Tests;
			packageProductDependencies = (
			);
			productName = Tarot2Tests;
			productReference = 1E0754132D73C62E001DB97F /* Tarot2Tests.xctest */;
			productType = "com.apple.product-type.bundle.unit-test";
		};
		1E07541C2D73C62E001DB97F /* Tarot2UITests */ = {
			isa = PBXNativeTarget;
			buildConfigurationList = 1E07542D2D73C62E001DB97F /* Build configuration list for PBXNativeTarget "Tarot2UITests" */;
			buildPhases = (
				1E0754192D73C62E001DB97F /* Sources */,
				1E07541A2D73C62E001DB97F /* Frameworks */,
				1E07541B2D73C62E001DB97F /* Resources */,
			);
			buildRules = (
			);
			dependencies = (
				1E07541F2D73C62E001DB97F /* PBXTargetDependency */,
			);
			fileSystemSynchronizedGroups = (
				1E0754202D73C62E001DB97F /* Tarot2UITests */,
			);
			name = Tarot2UITests;
			packageProductDependencies = (
			);
			productName = Tarot2UITests;
			productReference = 1E07541D2D73C62E001DB97F /* Tarot2UITests.xctest */;
			productType = "com.apple.product-type.bundle.ui-testing";
		};
/* End PBXNativeTarget section */

/* Begin PBXProject section */
		1E0753FB2D73C62C001DB97F /* Project object */ = {
			isa = PBXProject;
			attributes = {
				BuildIndependentTargetsInParallel = 1;
				LastSwiftUpdateCheck = 1620;
				LastUpgradeCheck = 1620;
				TargetAttributes = {
					1E0754022D73C62C001DB97F = {
						CreatedOnToolsVersion = 16.2;
					};
					1E0754122D73C62E001DB97F = {
						CreatedOnToolsVersion = 16.2;
						TestTargetID = 1E0754022D73C62C001DB97F;
					};
					1E07541C2D73C62E001DB97F = {
						CreatedOnToolsVersion = 16.2;
						TestTargetID = 1E0754022D73C62C001DB97F;
					};
				};
			};
			buildConfigurationList = 1E0753FE2D73C62C001DB97F /* Build configuration list for PBXProject "Tarot2" */;
			developmentRegion = en;
			hasScannedForEncodings = 0;
			knownRegions = (
				en,
				Base,
			);
			mainGroup = 1E0753FA2D73C62C001DB97F;
			minimizedProjectReferenceProxies = 1;
			packageReferences = (
				1E2A47902E1EB632000F6FDD /* XCRemoteSwiftPackageReference "firebase-ios-sdk" */,
			);
			preferredProjectObjectVersion = 77;
			productRefGroup = 1E0754042D73C62C001DB97F /* Products */;
			projectDirPath = "";
			projectRoot = "";
			targets = (
				1E0754022D73C62C001DB97F /* Tarot2 */,
				1E0754122D73C62E001DB97F /* Tarot2Tests */,
				1E07541C2D73C62E001DB97F /* Tarot2UITests */,
			);
		};
/* End PBXProject section */

/* Begin PBXResourcesBuildPhase section */
		1E0754012D73C62C001DB97F /* Resources */ = {
			isa = PBXResourcesBuildPhase;
			buildActionMask = 2147483647;
			files = (
			);
			runOnlyForDeploymentPostprocessing = 0;
		};
		1E0754112D73C62E001DB97F /* Resources */ = {
			isa = PBXResourcesBuildPhase;
			buildActionMask = 2147483647;
			files = (
			);
			runOnlyForDeploymentPostprocessing = 0;
		};
		1E07541B2D73C62E001DB97F /* Resources */ = {
			isa = PBXResourcesBuildPhase;
			buildActionMask = 2147483647;
			files = (
			);
			runOnlyForDeploymentPostprocessing = 0;
		};
/* End PBXResourcesBuildPhase section */

/* Begin PBXSourcesBuildPhase section */
		1E0753FF2D73C62C001DB97F /* Sources */ = {
			isa = PBXSourcesBuildPhase;
			buildActionMask = 2147483647;
			files = (
			);
			runOnlyForDeploymentPostprocessing = 0;
		};
		1E07540F2D73C62E001DB97F /* Sources */ = {
			isa = PBXSourcesBuildPhase;
			buildActionMask = 2147483647;
			files = (
			);
			runOnlyForDeploymentPostprocessing = 0;
		};
		1E0754192D73C62E001DB97F /* Sources */ = {
			isa = PBXSourcesBuildPhase;
			buildActionMask = 2147483647;
			files = (
			);
			runOnlyForDeploymentPostprocessing = 0;
		};
/* End PBXSourcesBuildPhase section */

/* Begin PBXTargetDependency section */
		1E0754152D73C62E001DB97F /* PBXTargetDependency */ = {
			isa = PBXTargetDependency;
			target = 1E0754022D73C62C001DB97F /* Tarot2 */;
			targetProxy = 1E0754142D73C62E001DB97F /* PBXContainerItemProxy */;
		};
		1E07541F2D73C62E001DB97F /* PBXTargetDependency */ = {
			isa = PBXTargetDependency;
			target = 1E0754022D73C62C001DB97F /* Tarot2 */;
			targetProxy = 1E07541E2D73C62E001DB97F /* PBXContainerItemProxy */;
		};
/* End PBXTargetDependency section */

/* Begin XCBuildConfiguration section */
		1E0754252D73C62E001DB97F /* Debug */ = {
			isa = XCBuildConfiguration;
			buildSettings = {
				ALWAYS_SEARCH_USER_PATHS = NO;
				ASSETCATALOG_COMPILER_GENERATE_SWIFT_ASSET_SYMBOL_EXTENSIONS = YES;
				CLANG_ANALYZER_NONNULL = YES;
				CLANG_ANALYZER_NUMBER_OBJECT_CONVERSION = YES_AGGRESSIVE;
				CLANG_CXX_LANGUAGE_STANDARD = "gnu++20";
				CLANG_ENABLE_MODULES = YES;
				CLANG_ENABLE_OBJC_ARC = YES;
				CLANG_ENABLE_OBJC_WEAK = YES;
				CLANG_WARN_BLOCK_CAPTURE_AUTORELEASING = YES;
				CLANG_WARN_BOOL_CONVERSION = YES;
				CLANG_WARN_COMMA = YES;
				CLANG_WARN_CONSTANT_CONVERSION = YES;
				CLANG_WARN_DEPRECATED_OBJC_IMPLEMENTATIONS = YES;
				CLANG_WARN_DIRECT_OBJC_ISA_USAGE = YES_ERROR;
				CLANG_WARN_DOCUMENTATION_COMMENTS = YES;
				CLANG_WARN_EMPTY_BODY = YES;
				CLANG_WARN_ENUM_CONVERSION = YES;
				CLANG_WARN_INFINITE_RECURSION = YES;
				CLANG_WARN_INT_CONVERSION = YES;
				CLANG_WARN_NON_LITERAL_NULL_CONVERSION = YES;
				CLANG_WARN_OBJC_IMPLICIT_RETAIN_SELF = YES;
				CLANG_WARN_OBJC_LITERAL_CONVERSION = YES;
				CLANG_WARN_OBJC_ROOT_CLASS = YES_ERROR;
				CLANG_WARN_QUOTED_INCLUDE_IN_FRAMEWORK_HEADER = YES;
				CLANG_WARN_RANGE_LOOP_ANALYSIS = YES;
				CLANG_WARN_STRICT_PROTOTYPES = YES;
				CLANG_WARN_SUSPICIOUS_MOVE = YES;
				CLANG_WARN_UNGUARDED_AVAILABILITY = YES_AGGRESSIVE;
				CLANG_WARN_UNREACHABLE_CODE = YES;
				CLANG_WARN__DUPLICATE_METHOD_MATCH = YES;
				COPY_PHASE_STRIP = NO;
				DEBUG_INFORMATION_FORMAT = dwarf;
				ENABLE_STRICT_OBJC_MSGSEND = YES;
				ENABLE_TESTABILITY = YES;
				ENABLE_USER_SCRIPT_SANDBOXING = YES;
				GCC_C_LANGUAGE_STANDARD = gnu17;
				GCC_DYNAMIC_NO_PIC = NO;
				GCC_NO_COMMON_BLOCKS = YES;
				GCC_OPTIMIZATION_LEVEL = 0;
				GCC_PREPROCESSOR_DEFINITIONS = (
					"DEBUG=1",
					"$(inherited)",
				);
				GCC_WARN_64_TO_32_BIT_CONVERSION = YES;
				GCC_WARN_ABOUT_RETURN_TYPE = YES_ERROR;
				GCC_WARN_UNDECLARED_SELECTOR = YES;
				GCC_WARN_UNINITIALIZED_AUTOS = YES_AGGRESSIVE;
				GCC_WARN_UNUSED_FUNCTION = YES;
				GCC_WARN_UNUSED_VARIABLE = YES;
				IPHONEOS_DEPLOYMENT_TARGET = 18.2;
				LOCALIZATION_PREFERS_STRING_CATALOGS = YES;
				MTL_ENABLE_DEBUG_INFO = INCLUDE_SOURCE;
				MTL_FAST_MATH = YES;
				ONLY_ACTIVE_ARCH = YES;
				SDKROOT = iphoneos;
				SWIFT_ACTIVE_COMPILATION_CONDITIONS = "DEBUG $(inherited)";
				SWIFT_OPTIMIZATION_LEVEL = "-Onone";
			};
			name = Debug;
		};
		1E0754262D73C62E001DB97F /* Release */ = {
			isa = XCBuildConfiguration;
			buildSettings = {
				ALWAYS_SEARCH_USER_PATHS = NO;
				ASSETCATALOG_COMPILER_GENERATE_SWIFT_ASSET_SYMBOL_EXTENSIONS = YES;
				CLANG_ANALYZER_NONNULL = YES;
				CLANG_ANALYZER_NUMBER_OBJECT_CONVERSION = YES_AGGRESSIVE;
				CLANG_CXX_LANGUAGE_STANDARD = "gnu++20";
				CLANG_ENABLE_MODULES = YES;
				CLANG_ENABLE_OBJC_ARC = YES;
				CLANG_ENABLE_OBJC_WEAK = YES;
				CLANG_WARN_BLOCK_CAPTURE_AUTORELEASING = YES;
				CLANG_WARN_BOOL_CONVERSION = YES;
				CLANG_WARN_COMMA = YES;
				CLANG_WARN_CONSTANT_CONVERSION = YES;
				CLANG_WARN_DEPRECATED_OBJC_IMPLEMENTATIONS = YES;
				CLANG_WARN_DIRECT_OBJC_ISA_USAGE = YES_ERROR;
				CLANG_WARN_DOCUMENTATION_COMMENTS = YES;
				CLANG_WARN_EMPTY_BODY = YES;
				CLANG_WARN_ENUM_CONVERSION = YES;
				CLANG_WARN_INFINITE_RECURSION = YES;
				CLANG_WARN_INT_CONVERSION = YES;
				CLANG_WARN_NON_LITERAL_NULL_CONVERSION = YES;
				CLANG_WARN_OBJC_IMPLICIT_RETAIN_SELF = YES;
				CLANG_WARN_OBJC_LITERAL_CONVERSION = YES;
				CLANG_WARN_OBJC_ROOT_CLASS = YES_ERROR;
				CLANG_WARN_QUOTED_INCLUDE_IN_FRAMEWORK_HEADER = YES;
				CLANG_WARN_RANGE_LOOP_ANALYSIS = YES;
				CLANG_WARN_STRICT_PROTOTYPES = YES;
				CLANG_WARN_SUSPICIOUS_MOVE = YES;
				CLANG_WARN_UNGUARDED_AVAILABILITY = YES_AGGRESSIVE;
				CLANG_WARN_UNREACHABLE_CODE = YES;
				CLANG_WARN__DUPLICATE_METHOD_MATCH = YES;
				COPY_PHASE_STRIP = NO;
				DEBUG_INFORMATION_FORMAT = "dwarf-with-dsym";
				ENABLE_NS_ASSERTIONS = NO;
				ENABLE_STRICT_OBJC_MSGSEND = YES;
				ENABLE_USER_SCRIPT_SANDBOXING = YES;
				GCC_C_LANGUAGE_STANDARD = gnu17;
				GCC_NO_COMMON_BLOCKS = YES;
				GCC_WARN_64_TO_32_BIT_CONVERSION = YES;
				GCC_WARN_ABOUT_RETURN_TYPE = YES_ERROR;
				GCC_WARN_UNDECLARED_SELECTOR = YES;
				GCC_WARN_UNINITIALIZED_AUTOS = YES_AGGRESSIVE;
				GCC_WARN_UNUSED_FUNCTION = YES;
				GCC_WARN_UNUSED_VARIABLE = YES;
				IPHONEOS_DEPLOYMENT_TARGET = 18.2;
				LOCALIZATION_PREFERS_STRING_CATALOGS = YES;
				MTL_ENABLE_DEBUG_INFO = NO;
				MTL_FAST_MATH = YES;
				SDKROOT = iphoneos;
				SWIFT_COMPILATION_MODE = wholemodule;
				VALIDATE_PRODUCT = YES;
			};
			name = Release;
		};
		1E0754282D73C62E001DB97F /* Debug */ = {
			isa = XCBuildConfiguration;
			buildSettings = {
				ASSETCATALOG_COMPILER_APPICON_NAME = AppIcon;
				ASSETCATALOG_COMPILER_GLOBAL_ACCENT_COLOR_NAME = AccentColor;
				CODE_SIGN_STYLE = Automatic;
				CURRENT_PROJECT_VERSION = 1;
				DEVELOPMENT_ASSET_PATHS = "\"Tarot2/Preview Content\"";
				DEVELOPMENT_TEAM = 9D364799J3;
				ENABLE_PREVIEWS = YES;
				GENERATE_INFOPLIST_FILE = YES;
				INFOPLIST_KEY_UIApplicationSceneManifest_Generation = YES;
				INFOPLIST_KEY_UIApplicationSupportsIndirectInputEvents = YES;
				INFOPLIST_KEY_UILaunchScreen_Generation = YES;
				INFOPLIST_KEY_UISupportedInterfaceOrientations = UIInterfaceOrientationPortrait;
				IPHONEOS_DEPLOYMENT_TARGET = 16.6;
				LD_RUNPATH_SEARCH_PATHS = (
					"$(inherited)",
					"@executable_path/Frameworks",
				);
				MARKETING_VERSION = 1.0;
				PRODUCT_BUNDLE_IDENTIFIER = com.Cuore.Tarot2;
				PRODUCT_NAME = "$(TARGET_NAME)";
				SWIFT_EMIT_LOC_STRINGS = YES;
				SWIFT_VERSION = 5.0;
				TARGETED_DEVICE_FAMILY = "1,2";
			};
			name = Debug;
		};
		1E0754292D73C62E001DB97F /* Release */ = {
			isa = XCBuildConfiguration;
			buildSettings = {
				ASSETCATALOG_COMPILER_APPICON_NAME = AppIcon;
				ASSETCATALOG_COMPILER_GLOBAL_ACCENT_COLOR_NAME = AccentColor;
				CODE_SIGN_STYLE = Automatic;
				CURRENT_PROJECT_VERSION = 1;
				DEVELOPMENT_ASSET_PATHS = "\"Tarot2/Preview Content\"";
				DEVELOPMENT_TEAM = 9D364799J3;
				ENABLE_PREVIEWS = YES;
				GENERATE_INFOPLIST_FILE = YES;
				INFOPLIST_KEY_UIApplicationSceneManifest_Generation = YES;
				INFOPLIST_KEY_UIApplicationSupportsIndirectInputEvents = YES;
				INFOPLIST_KEY_UILaunchScreen_Generation = YES;
				INFOPLIST_KEY_UISupportedInterfaceOrientations = UIInterfaceOrientationPortrait;
				IPHONEOS_DEPLOYMENT_TARGET = 16.6;
				LD_RUNPATH_SEARCH_PATHS = (
					"$(inherited)",
					"@executable_path/Frameworks",
				);
				MARKETING_VERSION = 1.0;
				PRODUCT_BUNDLE_IDENTIFIER = com.Cuore.Tarot2;
				PRODUCT_NAME = "$(TARGET_NAME)";
				SWIFT_EMIT_LOC_STRINGS = YES;
				SWIFT_VERSION = 5.0;
				TARGETED_DEVICE_FAMILY = "1,2";
			};
			name = Release;
		};
		1E07542B2D73C62E001DB97F /* Debug */ = {
			isa = XCBuildConfiguration;
			buildSettings = {
				BUNDLE_LOADER = "$(TEST_HOST)";
				CODE_SIGN_STYLE = Automatic;
				CURRENT_PROJECT_VERSION = 1;
				DEVELOPMENT_TEAM = 9D364799J3;
				GENERATE_INFOPLIST_FILE = YES;
				IPHONEOS_DEPLOYMENT_TARGET = 18.2;
				MARKETING_VERSION = 1.0;
				PRODUCT_BUNDLE_IDENTIFIER = com.Cuore.Tarot2Tests;
				PRODUCT_NAME = "$(TARGET_NAME)";
				SWIFT_EMIT_LOC_STRINGS = NO;
				SWIFT_VERSION = 5.0;
				TARGETED_DEVICE_FAMILY = "1,2";
				TEST_HOST = "$(BUILT_PRODUCTS_DIR)/Tarot2.app/$(BUNDLE_EXECUTABLE_FOLDER_PATH)/Tarot2";
			};
			name = Debug;
		};
		1E07542C2D73C62E001DB97F /* Release */ = {
			isa = XCBuildConfiguration;
			buildSettings = {
				BUNDLE_LOADER = "$(TEST_HOST)";
				CODE_SIGN_STYLE = Automatic;
				CURRENT_PROJECT_VERSION = 1;
				DEVELOPMENT_TEAM = 9D364799J3;
				GENERATE_INFOPLIST_FILE = YES;
				IPHONEOS_DEPLOYMENT_TARGET = 18.2;
				MARKETING_VERSION = 1.0;
				PRODUCT_BUNDLE_IDENTIFIER = com.Cuore.Tarot2Tests;
				PRODUCT_NAME = "$(TARGET_NAME)";
				SWIFT_EMIT_LOC_STRINGS = NO;
				SWIFT_VERSION = 5.0;
				TARGETED_DEVICE_FAMILY = "1,2";
				TEST_HOST = "$(BUILT_PRODUCTS_DIR)/Tarot2.app/$(BUNDLE_EXECUTABLE_FOLDER_PATH)/Tarot2";
			};
			name = Release;
		};
		1E07542E2D73C62E001DB97F /* Debug */ = {
			isa = XCBuildConfiguration;
			buildSettings = {
				CODE_SIGN_STYLE = Automatic;
				CURRENT_PROJECT_VERSION = 1;
				DEVELOPMENT_TEAM = 9D364799J3;
				GENERATE_INFOPLIST_FILE = YES;
				MARKETING_VERSION = 1.0;
				PRODUCT_BUNDLE_IDENTIFIER = com.Cuore.Tarot2UITests;
				PRODUCT_NAME = "$(TARGET_NAME)";
				SWIFT_EMIT_LOC_STRINGS = NO;
				SWIFT_VERSION = 5.0;
				TARGETED_DEVICE_FAMILY = "1,2";
				TEST_TARGET_NAME = Tarot2;
			};
			name = Debug;
		};
		1E07542F2D73C62E001DB97F /* Release */ = {
			isa = XCBuildConfiguration;
			buildSettings = {
				CODE_SIGN_STYLE = Automatic;
				CURRENT_PROJECT_VERSION = 1;
				DEVELOPMENT_TEAM = 9D364799J3;
				GENERATE_INFOPLIST_FILE = YES;
				MARKETING_VERSION = 1.0;
				PRODUCT_BUNDLE_IDENTIFIER = com.Cuore.Tarot2UITests;
				PRODUCT_NAME = "$(TARGET_NAME)";
				SWIFT_EMIT_LOC_STRINGS = NO;
				SWIFT_VERSION = 5.0;
				TARGETED_DEVICE_FAMILY = "1,2";
				TEST_TARGET_NAME = Tarot2;
			};
			name = Release;
		};
/* End XCBuildConfiguration section */

/* Begin XCConfigurationList section */
		1E0753FE2D73C62C001DB97F /* Build configuration list for PBXProject "Tarot2" */ = {
			isa = XCConfigurationList;
			buildConfigurations = (
				1E0754252D73C62E001DB97F /* Debug */,
				1E0754262D73C62E001DB97F /* Release */,
			);
			defaultConfigurationIsVisible = 0;
			defaultConfigurationName = Release;
		};
		1E0754272D73C62E001DB97F /* Build configuration list for PBXNativeTarget "Tarot2" */ = {
			isa = XCConfigurationList;
			buildConfigurations = (
				1E0754282D73C62E001DB97F /* Debug */,
				1E0754292D73C62E001DB97F /* Release */,
			);
			defaultConfigurationIsVisible = 0;
			defaultConfigurationName = Release;
		};
		1E07542A2D73C62E001DB97F /* Build configuration list for PBXNativeTarget "Tarot2Tests" */ = {
			isa = XCConfigurationList;
			buildConfigurations = (
				1E07542B2D73C62E001DB97F /* Debug */,
				1E07542C2D73C62E001DB97F /* Release */,
			);
			defaultConfigurationIsVisible = 0;
			defaultConfigurationName = Release;
		};
		1E07542D2D73C62E001DB97F /* Build configuration list for PBXNativeTarget "Tarot2UITests" */ = {
			isa = XCConfigurationList;
			buildConfigurations = (
				1E07542E2D73C62E001DB97F /* Debug */,
				1E07542F2D73C62E001DB97F /* Release */,
			);
			defaultConfigurationIsVisible = 0;
			defaultConfigurationName = Release;
		};
/* End XCConfigurationList section */

/* Begin XCRemoteSwiftPackageReference section */
		1E2A47902E1EB632000F6FDD /* XCRemoteSwiftPackageReference "firebase-ios-sdk" */ = {
			isa = XCRemoteSwiftPackageReference;
			repositoryURL = "https://github.com/firebase/firebase-ios-sdk";
			requirement = {
				kind = upToNextMajorVersion;
				minimumVersion = 11.15.0;
			};
		};
/* End XCRemoteSwiftPackageReference section */

/* Begin XCSwiftPackageProductDependency section */
		1E2A47912E1EB632000F6FDD /* FirebaseAI */ = {
			isa = XCSwiftPackageProductDependency;
			package = 1E2A47902E1EB632000F6FDD /* XCRemoteSwiftPackageReference "firebase-ios-sdk" */;
			productName = FirebaseAI;
		};
		1E2A47932E1EB632000F6FDD /* FirebaseAppCheck */ = {
			isa = XCSwiftPackageProductDependency;
			package = 1E2A47902E1EB632000F6FDD /* XCRemoteSwiftPackageReference "firebase-ios-sdk" */;
			productName = FirebaseAppCheck;
		};
		1E2A47952E1EB632000F6FDD /* FirebaseAuth */ = {
			isa = XCSwiftPackageProductDependency;
			package = 1E2A47902E1EB632000F6FDD /* XCRemoteSwiftPackageReference "firebase-ios-sdk" */;
			productName = FirebaseAuth;
		};
		1E2A47972E1EB632000F6FDD /* FirebaseFirestore */ = {
			isa = XCSwiftPackageProductDependency;
			package = 1E2A47902E1EB632000F6FDD /* XCRemoteSwiftPackageReference "firebase-ios-sdk" */;
			productName = FirebaseFirestore;
		};
		1E2A47992E1EB632000F6FDD /* FirebaseMLModelDownloader */ = {
			isa = XCSwiftPackageProductDependency;
			package = 1E2A47902E1EB632000F6FDD /* XCRemoteSwiftPackageReference "firebase-ios-sdk" */;
			productName = FirebaseMLModelDownloader;
		};
		1E2A479B2E1EB632000F6FDD /* FirebaseMessaging */ = {
			isa = XCSwiftPackageProductDependency;
			package = 1E2A47902E1EB632000F6FDD /* XCRemoteSwiftPackageReference "firebase-ios-sdk" */;
			productName = FirebaseMessaging;
		};
		1E2A479D2E1EB632000F6FDD /* FirebaseVertexAI */ = {
			isa = XCSwiftPackageProductDependency;
			package = 1E2A47902E1EB632000F6FDD /* XCRemoteSwiftPackageReference "firebase-ios-sdk" */;
			productName = FirebaseVertexAI;
		};
/* End XCSwiftPackageProductDependency section */
	};
	rootObject = 1E0753FB2D73C62C001DB97F /* Project object */;
}
